// !$*UTF8*$!
{
	archiveVersion = 1;
	classes = {
	};
	objectVersion = 50;
	objects = {

/* Begin PBXBuildFile section */
		29C75A8A24877C53001FE50D /* AppDelegate.swift in Sources */ = {isa = PBXBuildFile; fileRef = 29C75A8924877C53001FE50D /* AppDelegate.swift */; };
		29C75A8C24877C53001FE50D /* SceneDelegate.swift in Sources */ = {isa = PBXBuildFile; fileRef = 29C75A8B24877C53001FE50D /* SceneDelegate.swift */; };
		29C75A8F24877C53001FE50D /* swiftProduct.xcdatamodeld in Sources */ = {isa = PBXBuildFile; fileRef = 29C75A8D24877C53001FE50D /* swiftProduct.xcdatamodeld */; };
		29C75A9124877C53001FE50D /* ContentView.swift in Sources */ = {isa = PBXBuildFile; fileRef = 29C75A9024877C53001FE50D /* ContentView.swift */; };
		29C75A9324877C58001FE50D /* Assets.xcassets in Resources */ = {isa = PBXBuildFile; fileRef = 29C75A9224877C58001FE50D /* Assets.xcassets */; };
		29C75A9624877C58001FE50D /* Preview Assets.xcassets in Resources */ = {isa = PBXBuildFile; fileRef = 29C75A9524877C58001FE50D /* Preview Assets.xcassets */; };
		29C75A9924877C58001FE50D /* LaunchScreen.storyboard in Resources */ = {isa = PBXBuildFile; fileRef = 29C75A9724877C58001FE50D /* LaunchScreen.storyboard */; };
		29C75AA424877C58001FE50D /* swiftProductTests.swift in Sources */ = {isa = PBXBuildFile; fileRef = 29C75AA324877C58001FE50D /* swiftProductTests.swift */; };
		29C75AAF24877C58001FE50D /* swiftProductUITests.swift in Sources */ = {isa = PBXBuildFile; fileRef = 29C75AAE24877C58001FE50D /* swiftProductUITests.swift */; };
/* End PBXBuildFile section */

/* Begin PBXContainerItemProxy section */
		29C75AA024877C58001FE50D /* PBXContainerItemProxy */ = {
			isa = PBXContainerItemProxy;
			containerPortal = 29C75A7E24877C53001FE50D /* Project object */;
			proxyType = 1;
			remoteGlobalIDString = 29C75A8524877C53001FE50D;
			remoteInfo = swiftProduct;
		};
		29C75AAB24877C58001FE50D /* PBXContainerItemProxy */ = {
			isa = PBXContainerItemProxy;
			containerPortal = 29C75A7E24877C53001FE50D /* Project object */;
			proxyType = 1;
			remoteGlobalIDString = 29C75A8524877C53001FE50D;
			remoteInfo = swiftProduct;
		};
/* End PBXContainerItemProxy section */

/* Begin PBXFileReference section */
		29C75A8624877C53001FE50D /* swiftProduct.app */ = {isa = PBXFileReference; explicitFileType = wrapper.application; includeInIndex = 0; path = swiftProduct.app; sourceTree = BUILT_PRODUCTS_DIR; };
		29C75A8924877C53001FE50D /* AppDelegate.swift */ = {isa = PBXFileReference; lastKnownFileType = sourcecode.swift; path = AppDelegate.swift; sourceTree = "<group>"; };
		29C75A8B24877C53001FE50D /* SceneDelegate.swift */ = {isa = PBXFileReference; lastKnownFileType = sourcecode.swift; path = SceneDelegate.swift; sourceTree = "<group>"; };
		29C75A8E24877C53001FE50D /* swiftProduct.xcdatamodel */ = {isa = PBXFileReference; lastKnownFileType = wrapper.xcdatamodel; path = swiftProduct.xcdatamodel; sourceTree = "<group>"; };
		29C75A9024877C53001FE50D /* ContentView.swift */ = {isa = PBXFileReference; lastKnownFileType = sourcecode.swift; path = ContentView.swift; sourceTree = "<group>"; };
		29C75A9224877C58001FE50D /* Assets.xcassets */ = {isa = PBXFileReference; lastKnownFileType = folder.assetcatalog; path = Assets.xcassets; sourceTree = "<group>"; };
		29C75A9524877C58001FE50D /* Preview Assets.xcassets */ = {isa = PBXFileReference; lastKnownFileType = folder.assetcatalog; path = "Preview Assets.xcassets"; sourceTree = "<group>"; };
		29C75A9824877C58001FE50D /* Base */ = {isa = PBXFileReference; lastKnownFileType = file.storyboard; name = Base; path = Base.lproj/LaunchScreen.storyboard; sourceTree = "<group>"; };
		29C75A9A24877C58001FE50D /* Info.plist */ = {isa = PBXFileReference; lastKnownFileType = text.plist.xml; path = Info.plist; sourceTree = "<group>"; };
		29C75A9F24877C58001FE50D /* swiftProductTests.xctest */ = {isa = PBXFileReference; explicitFileType = wrapper.cfbundle; includeInIndex = 0; path = swiftProductTests.xctest; sourceTree = BUILT_PRODUCTS_DIR; };
		29C75AA324877C58001FE50D /* swiftProductTests.swift */ = {isa = PBXFileReference; lastKnownFileType = sourcecode.swift; path = swiftProductTests.swift; sourceTree = "<group>"; };
		29C75AA524877C58001FE50D /* Info.plist */ = {isa = PBXFileReference; lastKnownFileType = text.plist.xml; path = Info.plist; sourceTree = "<group>"; };
		29C75AAA24877C58001FE50D /* swiftProductUITests.xctest */ = {isa = PBXFileReference; explicitFileType = wrapper.cfbundle; includeInIndex = 0; path = swiftProductUITests.xctest; sourceTree = BUILT_PRODUCTS_DIR; };
		29C75AAE24877C58001FE50D /* swiftProductUITests.swift */ = {isa = PBXFileReference; lastKnownFileType = sourcecode.swift; path = swiftProductUITests.swift; sourceTree = "<group>"; };
		29C75AB024877C58001FE50D /* Info.plist */ = {isa = PBXFileReference; lastKnownFileType = text.plist.xml; path = Info.plist; sourceTree = "<group>"; };
/* End PBXFileReference section */

/* Begin PBXFrameworksBuildPhase section */
		29C75A8324877C53001FE50D /* Frameworks */ = {
			isa = PBXFrameworksBuildPhase;
			buildActionMask = 2147483647;
			files = (
			);
			runOnlyForDeploymentPostprocessing = 0;
		};
		29C75A9C24877C58001FE50D /* Frameworks */ = {
			isa = PBXFrameworksBuildPhase;
			buildActionMask = 2147483647;
			files = (
			);
			runOnlyForDeploymentPostprocessing = 0;
		};
		29C75AA724877C58001FE50D /* Frameworks */ = {
			isa = PBXFrameworksBuildPhase;
			buildActionMask = 2147483647;
			files = (
			);
			runOnlyForDeploymentPostprocessing = 0;
		};
/* End PBXFrameworksBuildPhase section */

/* Begin PBXGroup section */
		29C75A7D24877C53001FE50D = {
			isa = PBXGroup;
			children = (
				29C75A8824877C53001FE50D /* swiftProduct */,
				29C75AA224877C58001FE50D /* swiftProductTests */,
				29C75AAD24877C58001FE50D /* swiftProductUITests */,
				29C75A8724877C53001FE50D /* Products */,
			);
			sourceTree = "<group>";
		};
		29C75A8724877C53001FE50D /* Products */ = {
			isa = PBXGroup;
			children = (
				29C75A8624877C53001FE50D /* swiftProduct.app */,
				29C75A9F24877C58001FE50D /* swiftProductTests.xctest */,
				29C75AAA24877C58001FE50D /* swiftProductUITests.xctest */,
			);
			name = Products;
			sourceTree = "<group>";
		};
		29C75A8824877C53001FE50D /* swiftProduct */ = {
			isa = PBXGroup;
			children = (
				29C75A8924877C53001FE50D /* AppDelegate.swift */,
				29C75A8B24877C53001FE50D /* SceneDelegate.swift */,
				29C75A9024877C53001FE50D /* ContentView.swift */,
				29C75A9224877C58001FE50D /* Assets.xcassets */,
				29C75A9724877C58001FE50D /* LaunchScreen.storyboard */,
				29C75A9A24877C58001FE50D /* Info.plist */,
				29C75A8D24877C53001FE50D /* swiftProduct.xcdatamodeld */,
				29C75A9424877C58001FE50D /* Preview Content */,
			);
			path = swiftProduct;
			sourceTree = "<group>";
		};
		29C75A9424877C58001FE50D /* Preview Content */ = {
			isa = PBXGroup;
			children = (
				29C75A9524877C58001FE50D /* Preview Assets.xcassets */,
			);
			path = "Preview Content";
			sourceTree = "<group>";
		};
		29C75AA224877C58001FE50D /* swiftProductTests */ = {
			isa = PBXGroup;
			children = (
				29C75AA324877C58001FE50D /* swiftProductTests.swift */,
				29C75AA524877C58001FE50D /* Info.plist */,
			);
			path = swiftProductTests;
			sourceTree = "<group>";
		};
		29C75AAD24877C58001FE50D /* swiftProductUITests */ = {
			isa = PBXGroup;
			children = (
				29C75AAE24877C58001FE50D /* swiftProductUITests.swift */,
				29C75AB024877C58001FE50D /* Info.plist */,
			);
			path = swiftProductUITests;
			sourceTree = "<group>";
		};
/* End PBXGroup section */

/* Begin PBXNativeTarget section */
		29C75A8524877C53001FE50D /* swiftProduct */ = {
			isa = PBXNativeTarget;
			buildConfigurationList = 29C75AB324877C58001FE50D /* Build configuration list for PBXNativeTarget "swiftProduct" */;
			buildPhases = (
				29C75A8224877C53001FE50D /* Sources */,
				29C75A8324877C53001FE50D /* Frameworks */,
				29C75A8424877C53001FE50D /* Resources */,
			);
			buildRules = (
			);
			dependencies = (
			);
			name = swiftProduct;
			productName = swiftProduct;
			productReference = 29C75A8624877C53001FE50D /* swiftProduct.app */;
			productType = "com.apple.product-type.application";
		};
		29C75A9E24877C58001FE50D /* swiftProductTests */ = {
			isa = PBXNativeTarget;
			buildConfigurationList = 29C75AB624877C58001FE50D /* Build configuration list for PBXNativeTarget "swiftProductTests" */;
			buildPhases = (
				29C75A9B24877C58001FE50D /* Sources */,
				29C75A9C24877C58001FE50D /* Frameworks */,
				29C75A9D24877C58001FE50D /* Resources */,
			);
			buildRules = (
			);
			dependencies = (
				29C75AA124877C58001FE50D /* PBXTargetDependency */,
			);
			name = swiftProductTests;
			productName = swiftProductTests;
			productReference = 29C75A9F24877C58001FE50D /* swiftProductTests.xctest */;
			productType = "com.apple.product-type.bundle.unit-test";
		};
		29C75AA924877C58001FE50D /* swiftProductUITests */ = {
			isa = PBXNativeTarget;
			buildConfigurationList = 29C75AB924877C58001FE50D /* Build configuration list for PBXNativeTarget "swiftProductUITests" */;
			buildPhases = (
				29C75AA624877C58001FE50D /* Sources */,
				29C75AA724877C58001FE50D /* Frameworks */,
				29C75AA824877C58001FE50D /* Resources */,
			);
			buildRules = (
			);
			dependencies = (
				29C75AAC24877C58001FE50D /* PBXTargetDependency */,
			);
			name = swiftProductUITests;
			productName = swiftProductUITests;
			productReference = 29C75AAA24877C58001FE50D /* swiftProductUITests.xctest */;
			productType = "com.apple.product-type.bundle.ui-testing";
		};
/* End PBXNativeTarget section */

/* Begin PBXProject section */
		29C75A7E24877C53001FE50D /* Project object */ = {
			isa = PBXProject;
			attributes = {
				LastSwiftUpdateCheck = 1140;
				LastUpgradeCheck = 1140;
				ORGANIZATIONNAME = megahertz;
				TargetAttributes = {
					29C75A8524877C53001FE50D = {
						CreatedOnToolsVersion = 11.4;
					};
					29C75A9E24877C58001FE50D = {
						CreatedOnToolsVersion = 11.4;
						TestTargetID = 29C75A8524877C53001FE50D;
					};
					29C75AA924877C58001FE50D = {
						CreatedOnToolsVersion = 11.4;
						TestTargetID = 29C75A8524877C53001FE50D;
					};
				};
			};
			buildConfigurationList = 29C75A8124877C53001FE50D /* Build configuration list for PBXProject "swiftProduct" */;
			compatibilityVersion = "Xcode 9.3";
			developmentRegion = en;
			hasScannedForEncodings = 0;
			knownRegions = (
				en,
				Base,
			);
			mainGroup = 29C75A7D24877C53001FE50D;
			productRefGroup = 29C75A8724877C53001FE50D /* Products */;
			projectDirPath = "";
			projectRoot = "";
			targets = (
				29C75A8524877C53001FE50D /* swiftProduct */,
				29C75A9E24877C58001FE50D /* swiftProductTests */,
				29C75AA924877C58001FE50D /* swiftProductUITests */,
			);
		};
/* End PBXProject section */

/* Begin PBXResourcesBuildPhase section */
		29C75A8424877C53001FE50D /* Resources */ = {
			isa = PBXResourcesBuildPhase;
			buildActionMask = 2147483647;
			files = (
				29C75A9924877C58001FE50D /* LaunchScreen.storyboard in Resources */,
				29C75A9624877C58001FE50D /* Preview Assets.xcassets in Resources */,
				29C75A9324877C58001FE50D /* Assets.xcassets in Resources */,
			);
			runOnlyForDeploymentPostprocessing = 0;
		};
		29C75A9D24877C58001FE50D /* Resources */ = {
			isa = PBXResourcesBuildPhase;
			buildActionMask = 2147483647;
			files = (
			);
			runOnlyForDeploymentPostprocessing = 0;
		};
		29C75AA824877C58001FE50D /* Resources */ = {
			isa = PBXResourcesBuildPhase;
			buildActionMask = 2147483647;
			files = (
			);
			runOnlyForDeploymentPostprocessing = 0;
		};
/* End PBXResourcesBuildPhase section */

/* Begin PBXSourcesBuildPhase section */
		29C75A8224877C53001FE50D /* Sources */ = {
			isa = PBXSourcesBuildPhase;
			buildActionMask = 2147483647;
			files = (
				29C75A8A24877C53001FE50D /* AppDelegate.swift in Sources */,
				29C75A8F24877C53001FE50D /* swiftProduct.xcdatamodeld in Sources */,
				29C75A9124877C53001FE50D /* ContentView.swift in Sources */,
				29C75A8C24877C53001FE50D /* SceneDelegate.swift in Sources */,
			);
			runOnlyForDeploymentPostprocessing = 0;
		};
		29C75A9B24877C58001FE50D /* Sources */ = {
			isa = PBXSourcesBuildPhase;
			buildActionMask = 2147483647;
			files = (
				29C75AA424877C58001FE50D /* swiftProductTests.swift in Sources */,
			);
			runOnlyForDeploymentPostprocessing = 0;
		};
		29C75AA624877C58001FE50D /* Sources */ = {
			isa = PBXSourcesBuildPhase;
			buildActionMask = 2147483647;
			files = (
				29C75AAF24877C58001FE50D /* swiftProductUITests.swift in Sources */,
			);
			runOnlyForDeploymentPostprocessing = 0;
		};
/* End PBXSourcesBuildPhase section */

/* Begin PBXTargetDependency section */
		29C75AA124877C58001FE50D /* PBXTargetDependency */ = {
			isa = PBXTargetDependency;
			target = 29C75A8524877C53001FE50D /* swiftProduct */;
			targetProxy = 29C75AA024877C58001FE50D /* PBXContainerItemProxy */;
		};
		29C75AAC24877C58001FE50D /* PBXTargetDependency */ = {
			isa = PBXTargetDependency;
			target = 29C75A8524877C53001FE50D /* swiftProduct */;
			targetProxy = 29C75AAB24877C58001FE50D /* PBXContainerItemProxy */;
		};
/* End PBXTargetDependency section */

/* Begin PBXVariantGroup section */
		29C75A9724877C58001FE50D /* LaunchScreen.storyboard */ = {
			isa = PBXVariantGroup;
			children = (
				29C75A9824877C58001FE50D /* Base */,
			);
			name = LaunchScreen.storyboard;
			sourceTree = "<group>";
		};
/* End PBXVariantGroup section */

/* Begin XCBuildConfiguration section */
		29C75AB124877C58001FE50D /* Debug */ = {
			isa = XCBuildConfiguration;
			buildSettings = {
				ALWAYS_SEARCH_USER_PATHS = NO;
				CLANG_ANALYZER_NONNULL = YES;
				CLANG_ANALYZER_NUMBER_OBJECT_CONVERSION = YES_AGGRESSIVE;
				CLANG_CXX_LANGUAGE_STANDARD = "gnu++14";
				CLANG_CXX_LIBRARY = "libc++";
				CLANG_ENABLE_MODULES = YES;
				CLANG_ENABLE_OBJC_ARC = YES;
				CLANG_ENABLE_OBJC_WEAK = YES;
				CLANG_WARN_BLOCK_CAPTURE_AUTORELEASING = YES;
				CLANG_WARN_BOOL_CONVERSION = YES;
				CLANG_WARN_COMMA = YES;
				CLANG_WARN_CONSTANT_CONVERSION = YES;
				CLANG_WARN_DEPRECATED_OBJC_IMPLEMENTATIONS = YES;
				CLANG_WARN_DIRECT_OBJC_ISA_USAGE = YES_ERROR;
				CLANG_WARN_DOCUMENTATION_COMMENTS = YES;
				CLANG_WARN_EMPTY_BODY = YES;
				CLANG_WARN_ENUM_CONVERSION = YES;
				CLANG_WARN_INFINITE_RECURSION = YES;
				CLANG_WARN_INT_CONVERSION = YES;
				CLANG_WARN_NON_LITERAL_NULL_CONVERSION = YES;
				CLANG_WARN_OBJC_IMPLICIT_RETAIN_SELF = YES;
				CLANG_WARN_OBJC_LITERAL_CONVERSION = YES;
				CLANG_WARN_OBJC_ROOT_CLASS = YES_ERROR;
				CLANG_WARN_RANGE_LOOP_ANALYSIS = YES;
				CLANG_WARN_STRICT_PROTOTYPES = YES;
				CLANG_WARN_SUSPICIOUS_MOVE = YES;
				CLANG_WARN_UNGUARDED_AVAILABILITY = YES_AGGRESSIVE;
				CLANG_WARN_UNREACHABLE_CODE = YES;
				CLANG_WARN__DUPLICATE_METHOD_MATCH = YES;
				COPY_PHASE_STRIP = NO;
				DEBUG_INFORMATION_FORMAT = dwarf;
				ENABLE_STRICT_OBJC_MSGSEND = YES;
				ENABLE_TESTABILITY = YES;
				GCC_C_LANGUAGE_STANDARD = gnu11;
				GCC_DYNAMIC_NO_PIC = NO;
				GCC_NO_COMMON_BLOCKS = YES;
				GCC_OPTIMIZATION_LEVEL = 0;
				GCC_PREPROCESSOR_DEFINITIONS = (
					"DEBUG=1",
					"$(inherited)",
				);
				GCC_WARN_64_TO_32_BIT_CONVERSION = YES;
				GCC_WARN_ABOUT_RETURN_TYPE = YES_ERROR;
				GCC_WARN_UNDECLARED_SELECTOR = YES;
				GCC_WARN_UNINITIALIZED_AUTOS = YES_AGGRESSIVE;
				GCC_WARN_UNUSED_FUNCTION = YES;
				GCC_WARN_UNUSED_VARIABLE = YES;
				IPHONEOS_DEPLOYMENT_TARGET = 13.4;
				MTL_ENABLE_DEBUG_INFO = INCLUDE_SOURCE;
				MTL_FAST_MATH = YES;
				ONLY_ACTIVE_ARCH = YES;
				SDKROOT = iphoneos;
				SWIFT_ACTIVE_COMPILATION_CONDITIONS = DEBUG;
				SWIFT_OPTIMIZATION_LEVEL = "-Onone";
			};
			name = Debug;
		};
		29C75AB224877C58001FE50D /* Release */ = {
			isa = XCBuildConfiguration;
			buildSettings = {
				ALWAYS_SEARCH_USER_PATHS = NO;
				CLANG_ANALYZER_NONNULL = YES;
				CLANG_ANALYZER_NUMBER_OBJECT_CONVERSION = YES_AGGRESSIVE;
				CLANG_CXX_LANGUAGE_STANDARD = "gnu++14";
				CLANG_CXX_LIBRARY = "libc++";
				CLANG_ENABLE_MODULES = YES;
				CLANG_ENABLE_OBJC_ARC = YES;
				CLANG_ENABLE_OBJC_WEAK = YES;
				CLANG_WARN_BLOCK_CAPTURE_AUTORELEASING = YES;
				CLANG_WARN_BOOL_CONVERSION = YES;
				CLANG_WARN_COMMA = YES;
				CLANG_WARN_CONSTANT_CONVERSION = YES;
				CLANG_WARN_DEPRECATED_OBJC_IMPLEMENTATIONS = YES;
				CLANG_WARN_DIRECT_OBJC_ISA_USAGE = YES_ERROR;
				CLANG_WARN_DOCUMENTATION_COMMENTS = YES;
				CLANG_WARN_EMPTY_BODY = YES;
				CLANG_WARN_ENUM_CONVERSION = YES;
				CLANG_WARN_INFINITE_RECURSION = YES;
				CLANG_WARN_INT_CONVERSION = YES;
				CLANG_WARN_NON_LITERAL_NULL_CONVERSION = YES;
				CLANG_WARN_OBJC_IMPLICIT_RETAIN_SELF = YES;
				CLANG_WARN_OBJC_LITERAL_CONVERSION = YES;
				CLANG_WARN_OBJC_ROOT_CLASS = YES_ERROR;
				CLANG_WARN_RANGE_LOOP_ANALYSIS = YES;
				CLANG_WARN_STRICT_PROTOTYPES = YES;
				CLANG_WARN_SUSPICIOUS_MOVE = YES;
				CLANG_WARN_UNGUARDED_AVAILABILITY = YES_AGGRESSIVE;
				CLANG_WARN_UNREACHABLE_CODE = YES;
				CLANG_WARN__DUPLICATE_METHOD_MATCH = YES;
				COPY_PHASE_STRIP = NO;
				DEBUG_INFORMATION_FORMAT = "dwarf-with-dsym";
				ENABLE_NS_ASSERTIONS = NO;
				ENABLE_STRICT_OBJC_MSGSEND = YES;
				GCC_C_LANGUAGE_STANDARD = gnu11;
				GCC_NO_COMMON_BLOCKS = YES;
				GCC_WARN_64_TO_32_BIT_CONVERSION = YES;
				GCC_WARN_ABOUT_RETURN_TYPE = YES_ERROR;
				GCC_WARN_UNDECLARED_SELECTOR = YES;
				GCC_WARN_UNINITIALIZED_AUTOS = YES_AGGRESSIVE;
				GCC_WARN_UNUSED_FUNCTION = YES;
				GCC_WARN_UNUSED_VARIABLE = YES;
				IPHONEOS_DEPLOYMENT_TARGET = 13.4;
				MTL_ENABLE_DEBUG_INFO = NO;
				MTL_FAST_MATH = YES;
				SDKROOT = iphoneos;
				SWIFT_COMPILATION_MODE = wholemodule;
				SWIFT_OPTIMIZATION_LEVEL = "-O";
				VALIDATE_PRODUCT = YES;
			};
			name = Release;
		};
		29C75AB424877C58001FE50D /* Debug */ = {
			isa = XCBuildConfiguration;
			buildSettings = {
				ASSETCATALOG_COMPILER_APPICON_NAME = AppIcon;
				CODE_SIGN_STYLE = Automatic;
				DEVELOPMENT_ASSET_PATHS = "\"swiftProduct/Preview Content\"";
				DEVELOPMENT_TEAM = Y474RY5F54;
				ENABLE_PREVIEWS = YES;
				INFOPLIST_FILE = swiftProduct/Info.plist;
				LD_RUNPATH_SEARCH_PATHS = (
					"$(inherited)",
					"@executable_path/Frameworks",
				);
				PRODUCT_BUNDLE_IDENTIFIER = megahertz.swiftProduct;
				PRODUCT_NAME = "$(TARGET_NAME)";
				SWIFT_VERSION = 5.0;
				TARGETED_DEVICE_FAMILY = "1,2";
			};
			name = Debug;
		};
		29C75AB524877C58001FE50D /* Release */ = {
			isa = XCBuildConfiguration;
			buildSettings = {
				ASSETCATALOG_COMPILER_APPICON_NAME = AppIcon;
				CODE_SIGN_STYLE = Automatic;
				DEVELOPMENT_ASSET_PATHS = "\"swiftProduct/Preview Content\"";
				DEVELOPMENT_TEAM = Y474RY5F54;
				ENABLE_PREVIEWS = YES;
				INFOPLIST_FILE = swiftProduct/Info.plist;
				LD_RUNPATH_SEARCH_PATHS = (
					"$(inherited)",
					"@executable_path/Frameworks",
				);
				PRODUCT_BUNDLE_IDENTIFIER = megahertz.swiftProduct;
				PRODUCT_NAME = "$(TARGET_NAME)";
				SWIFT_VERSION = 5.0;
				TARGETED_DEVICE_FAMILY = "1,2";
			};
			name = Release;
		};
		29C75AB724877C58001FE50D /* Debug */ = {
			isa = XCBuildConfiguration;
			buildSettings = {
				ALWAYS_EMBED_SWIFT_STANDARD_LIBRARIES = YES;
				BUNDLE_LOADER = "$(TEST_HOST)";
				CODE_SIGN_STYLE = Automatic;
				DEVELOPMENT_TEAM = Y474RY5F54;
				INFOPLIST_FILE = swiftProductTests/Info.plist;
				IPHONEOS_DEPLOYMENT_TARGET = 13.4;
				LD_RUNPATH_SEARCH_PATHS = (
					"$(inherited)",
					"@executable_path/Frameworks",
					"@loader_path/Frameworks",
				);
				PRODUCT_BUNDLE_IDENTIFIER = megahertz.swiftProductTests;
				PRODUCT_NAME = "$(TARGET_NAME)";
				SWIFT_VERSION = 5.0;
				TARGETED_DEVICE_FAMILY = "1,2";
				TEST_HOST = "$(BUILT_PRODUCTS_DIR)/swiftProduct.app/swiftProduct";
			};
			name = Debug;
		};
		29C75AB824877C58001FE50D /* Release */ = {
			isa = XCBuildConfiguration;
			buildSettings = {
				ALWAYS_EMBED_SWIFT_STANDARD_LIBRARIES = YES;
				BUNDLE_LOADER = "$(TEST_HOST)";
				CODE_SIGN_STYLE = Automatic;
				DEVELOPMENT_TEAM = Y474RY5F54;
				INFOPLIST_FILE = swiftProductTests/Info.plist;
				IPHONEOS_DEPLOYMENT_TARGET = 13.4;
				LD_RUNPATH_SEARCH_PATHS = (
					"$(inherited)",
					"@executable_path/Frameworks",
					"@loader_path/Frameworks",
				);
				PRODUCT_BUNDLE_IDENTIFIER = megahertz.swiftProductTests;
				PRODUCT_NAME = "$(TARGET_NAME)";
				SWIFT_VERSION = 5.0;
				TARGETED_DEVICE_FAMILY = "1,2";
				TEST_HOST = "$(BUILT_PRODUCTS_DIR)/swiftProduct.app/swiftProduct";
			};
			name = Release;
		};
		29C75ABA24877C58001FE50D /* Debug */ = {
			isa = XCBuildConfiguration;
			buildSettings = {
				ALWAYS_EMBED_SWIFT_STANDARD_LIBRARIES = YES;
				CODE_SIGN_STYLE = Automatic;
				DEVELOPMENT_TEAM = Y474RY5F54;
				INFOPLIST_FILE = swiftProductUITests/Info.plist;
				LD_RUNPATH_SEARCH_PATHS = (
					"$(inherited)",
					"@executable_path/Frameworks",
					"@loader_path/Frameworks",
				);
				PRODUCT_BUNDLE_IDENTIFIER = megahertz.swiftProductUITests;
				PRODUCT_NAME = "$(TARGET_NAME)";
				SWIFT_VERSION = 5.0;
				TARGETED_DEVICE_FAMILY = "1,2";
				TEST_TARGET_NAME = swiftProduct;
			};
			name = Debug;
		};
		29C75ABB24877C58001FE50D /* Release */ = {
			isa = XCBuildConfiguration;
			buildSettings = {
				ALWAYS_EMBED_SWIFT_STANDARD_LIBRARIES = YES;
				CODE_SIGN_STYLE = Automatic;
				DEVELOPMENT_TEAM = Y474RY5F54;
				INFOPLIST_FILE = swiftProductUITests/Info.plist;
				LD_RUNPATH_SEARCH_PATHS = (
					"$(inherited)",
					"@executable_path/Frameworks",
					"@loader_path/Frameworks",
				);
				PRODUCT_BUNDLE_IDENTIFIER = megahertz.swiftProductUITests;
				PRODUCT_NAME = "$(TARGET_NAME)";
				SWIFT_VERSION = 5.0;
				TARGETED_DEVICE_FAMILY = "1,2";
				TEST_TARGET_NAME = swiftProduct;
			};
			name = Release;
		};
/* End XCBuildConfiguration section */

/* Begin XCConfigurationList section */
		29C75A8124877C53001FE50D /* Build configuration list for PBXProject "swiftProduct" */ = {
			isa = XCConfigurationList;
			buildConfigurations = (
				29C75AB124877C58001FE50D /* Debug */,
				29C75AB224877C58001FE50D /* Release */,
			);
			defaultConfigurationIsVisible = 0;
			defaultConfigurationName = Release;
		};
		29C75AB324877C58001FE50D /* Build configuration list for PBXNativeTarget "swiftProduct" */ = {
			isa = XCConfigurationList;
			buildConfigurations = (
				29C75AB424877C58001FE50D /* Debug */,
				29C75AB524877C58001FE50D /* Release */,
			);
			defaultConfigurationIsVisible = 0;
			defaultConfigurationName = Release;
		};
		29C75AB624877C58001FE50D /* Build configuration list for PBXNativeTarget "swiftProductTests" */ = {
			isa = XCConfigurationList;
			buildConfigurations = (
				29C75AB724877C58001FE50D /* Debug */,
				29C75AB824877C58001FE50D /* Release */,
			);
			defaultConfigurationIsVisible = 0;
			defaultConfigurationName = Release;
		};
		29C75AB924877C58001FE50D /* Build configuration list for PBXNativeTarget "swiftProductUITests" */ = {
			isa = XCConfigurationList;
			buildConfigurations = (
				29C75ABA24877C58001FE50D /* Debug */,
				29C75ABB24877C58001FE50D /* Release */,
			);
			defaultConfigurationIsVisible = 0;
			defaultConfigurationName = Release;
		};
/* End XCConfigurationList section */

/* Begin XCVersionGroup section */
		29C75A8D24877C53001FE50D /* swiftProduct.xcdatamodeld */ = {
			isa = XCVersionGroup;
			children = (
				29C75A8E24877C53001FE50D /* swiftProduct.xcdatamodel */,
			);
			currentVersion = 29C75A8E24877C53001FE50D /* swiftProduct.xcdatamodel */;
			path = swiftProduct.xcdatamodeld;
			sourceTree = "<group>";
			versionGroupType = wrapper.xcdatamodel;
		};
/* End XCVersionGroup section */
	};
	rootObject = 29C75A7E24877C53001FE50D /* Project object */;
}
